
Microsoft Visual Studio Solution File, Format Version 12.00
# Visual Studio 15
VisualStudioVersion = 15.0.27130.2036
MinimumVisualStudioVersion = 10.0.40219.1
Project("{888888A0-9F3D-457C-B088-3A5042F75D52}") = "FIEK-TCP klienti", "FIEK-TCP klienti\FIEK-TCP klienti.pyproj", "{EB2CEC3E-1FAC-4174-B561-6C51349E74E7}"
EndProject
Global
	GlobalSection(SolutionConfigurationPlatforms) = preSolution
		Debug|Any CPU = Debug|Any CPU
		Release|Any CPU = Release|Any CPU
	EndGlobalSection
	GlobalSection(ProjectConfigurationPlatforms) = postSolution
		{EB2CEC3E-1FAC-4174-B561-6C51349E74E7}.Debug|Any CPU.ActiveCfg = Debug|Any CPU
		{EB2CEC3E-1FAC-4174-B561-6C51349E74E7}.Release|Any CPU.ActiveCfg = Release|Any CPU
	EndGlobalSection
	GlobalSection(SolutionProperties) = preSolution
		HideSolutionNode = FALSE
	EndGlobalSection
	GlobalSection(ExtensibilityGlobals) = postSolution
		SolutionGuid = {C9B8DF11-99A3-4E20-84A6-FC2D7A7A00B7}
	EndGlobalSection
EndGlobal
